
Microsoft Visual Studio Solution File, Format Version 12.00
# Visual Studio 15
VisualStudioVersion = 15.0.27428.2037
MinimumVisualStudioVersion = 10.0.40219.1
Project("{FAE04EC0-301F-11D3-BF4B-00C04F79EFBC}") = "ConsoleApp1", "ConsoleApp1\ConsoleApp1.csproj", "{E842C013-1747-4A6C-8CAC-F9DD8505B723}"
EndProject
Project("{FAE04EC0-301F-11D3-BF4B-00C04F79EFBC}") = "ConsoleApp2", "ConsoleApp2\ConsoleApp2.csproj", "{5A0991C8-3817-49E8-BCF5-7F338BBC4334}"
EndProject
Project("{FAE04EC0-301F-11D3-BF4B-00C04F79EFBC}") = "ConsoleApp3", "ConsoleApp3\ConsoleApp3.csproj", "{B91C26AB-E070-42BD-A88C-16AB707529D9}"
EndProject
Project("{FAE04EC0-301F-11D3-BF4B-00C04F79EFBC}") = "ConsoleApp4", "ConsoleApp4\ConsoleApp4.csproj", "{8CE11620-B583-4EB7-8F39-FC938B8EABB1}"
EndProject
Project("{FAE04EC0-301F-11D3-BF4B-00C04F79EFBC}") = "ConsoleApp5", "ConsoleApp5\ConsoleApp5.csproj", "{63EC1D3E-3041-41F5-B93C-DF9A0B84A8DA}"
EndProject
Project("{FAE04EC0-301F-11D3-BF4B-00C04F79EFBC}") = "FileIO_asset", "FileIO_asset\FileIO_asset.csproj", "{61C7EA51-631E-4A45-BD9E-A1FDB1C1F8DA}"
EndProject
Project("{FAE04EC0-301F-11D3-BF4B-00C04F79EFBC}") = "FileIO_ProdSupp", "FileIO_ProdSupp\FileIO_ProdSupp.csproj", "{FCCE2375-79BC-4E90-9307-CD342D51F9F5}"
EndProject
Project("{FAE04EC0-301F-11D3-BF4B-00C04F79EFBC}") = "Linq_ExpensiveAsset", "Linq_ExpensiveAsset\Linq_ExpensiveAsset.csproj", "{CDBB312E-CD67-42D4-B020-B42E3A8E8257}"
EndProject
Project("{FAE04EC0-301F-11D3-BF4B-00C04F79EFBC}") = "Linq_AssetRemove", "Linq_AssetRemove\Linq_AssetRemove.csproj", "{455AFFAD-AF0D-4FD6-BC88-B69E4266CD32}"
EndProject
Project("{FAE04EC0-301F-11D3-BF4B-00C04F79EFBC}") = "Linq_AssetCount", "Linq_AssetCount\Linq_AssetCount.csproj", "{85153679-5584-4C59-BB20-25EE5C530128}"
EndProject
Project("{FAE04EC0-301F-11D3-BF4B-00C04F79EFBC}") = "Linq_IndianSuppliers", "Linq_IndianSuppliers\Linq_IndianSuppliers.csproj", "{AD1B1B88-40DF-47D3-A5D4-D43DFB87A80B}"
EndProject
Project("{FAE04EC0-301F-11D3-BF4B-00C04F79EFBC}") = "FileIO_AssetModel", "FileIO_AssetModel\FileIO_AssetModel.csproj", "{ED2B3FBE-4A0F-4F23-A1BA-4997A684C533}"
EndProject
Project("{FAE04EC0-301F-11D3-BF4B-00C04F79EFBC}") = "Generic_Asset", "Generic_Asset\Generic_Asset.csproj", "{DA4DDD61-4134-4C12-A4BB-0A3A4B2C2FF5}"
EndProject
Project("{FAE04EC0-301F-11D3-BF4B-00C04F79EFBC}") = "Generic_AssesSorting", "Generic_AssesSorting\Generic_AssesSorting.csproj", "{9C668CBA-DDAC-4741-8C4D-B7F1F6A1970A}"
EndProject
Project("{FAE04EC0-301F-11D3-BF4B-00C04F79EFBC}") = "Generics_SortingValues", "Generics_SortingValues\Generics_SortingValues.csproj", "{4CFF28D4-96A2-46F0-8C8C-0537EAEA296F}"
EndProject
Project("{FAE04EC0-301F-11D3-BF4B-00C04F79EFBC}") = "FileIO_ProductOfSuppliers", "FileIO_ProductOfSuppliers\FileIO_ProductOfSuppliers.csproj", "{B5946FE4-8416-43FF-B625-4F38FA8B0F86}"
EndProject
Project("{FAE04EC0-301F-11D3-BF4B-00C04F79EFBC}") = "NamedParams_DisplayAssetBasedOnDate", "NamedParams_DisplayAssetBasedOnDate\NamedParams_DisplayAssetBasedOnDate.csproj", "{43277D3E-59C9-4B9A-8347-8819C717C4D1}"
EndProject
Project("{FAE04EC0-301F-11D3-BF4B-00C04F79EFBC}") = "ADO_1_AssetStatus", "ADO_1_AssetStatus\ADO_1_AssetStatus.csproj", "{C74A0138-ED81-48F1-926B-3B7DE410C037}"
EndProject
Project("{FAE04EC0-301F-11D3-BF4B-00C04F79EFBC}") = "ADO_2_User-Role", "ADO_2_User-Role\ADO_2_User-Role.csproj", "{EE9DA6B6-A8BD-4031-816B-A64A41F2654C}"
EndProject
Global
	GlobalSection(SolutionConfigurationPlatforms) = preSolution
		Debug|Any CPU = Debug|Any CPU
		Release|Any CPU = Release|Any CPU
	EndGlobalSection
	GlobalSection(ProjectConfigurationPlatforms) = postSolution
		{E842C013-1747-4A6C-8CAC-F9DD8505B723}.Debug|Any CPU.ActiveCfg = Debug|Any CPU
		{E842C013-1747-4A6C-8CAC-F9DD8505B723}.Debug|Any CPU.Build.0 = Debug|Any CPU
		{E842C013-1747-4A6C-8CAC-F9DD8505B723}.Release|Any CPU.ActiveCfg = Release|Any CPU
		{E842C013-1747-4A6C-8CAC-F9DD8505B723}.Release|Any CPU.Build.0 = Release|Any CPU
		{5A0991C8-3817-49E8-BCF5-7F338BBC4334}.Debug|Any CPU.ActiveCfg = Debug|Any CPU
		{5A0991C8-3817-49E8-BCF5-7F338BBC4334}.Debug|Any CPU.Build.0 = Debug|Any CPU
		{5A0991C8-3817-49E8-BCF5-7F338BBC4334}.Release|Any CPU.ActiveCfg = Release|Any CPU
		{5A0991C8-3817-49E8-BCF5-7F338BBC4334}.Release|Any CPU.Build.0 = Release|Any CPU
		{B91C26AB-E070-42BD-A88C-16AB707529D9}.Debug|Any CPU.ActiveCfg = Debug|Any CPU
		{B91C26AB-E070-42BD-A88C-16AB707529D9}.Debug|Any CPU.Build.0 = Debug|Any CPU
		{B91C26AB-E070-42BD-A88C-16AB707529D9}.Release|Any CPU.ActiveCfg = Release|Any CPU
		{B91C26AB-E070-42BD-A88C-16AB707529D9}.Release|Any CPU.Build.0 = Release|Any CPU
		{8CE11620-B583-4EB7-8F39-FC938B8EABB1}.Debug|Any CPU.ActiveCfg = Debug|Any CPU
		{8CE11620-B583-4EB7-8F39-FC938B8EABB1}.Debug|Any CPU.Build.0 = Debug|Any CPU
		{8CE11620-B583-4EB7-8F39-FC938B8EABB1}.Release|Any CPU.ActiveCfg = Release|Any CPU
		{8CE11620-B583-4EB7-8F39-FC938B8EABB1}.Release|Any CPU.Build.0 = Release|Any CPU
		{63EC1D3E-3041-41F5-B93C-DF9A0B84A8DA}.Debug|Any CPU.ActiveCfg = Debug|Any CPU
		{63EC1D3E-3041-41F5-B93C-DF9A0B84A8DA}.Debug|Any CPU.Build.0 = Debug|Any CPU
		{63EC1D3E-3041-41F5-B93C-DF9A0B84A8DA}.Release|Any CPU.ActiveCfg = Release|Any CPU
		{63EC1D3E-3041-41F5-B93C-DF9A0B84A8DA}.Release|Any CPU.Build.0 = Release|Any CPU
		{61C7EA51-631E-4A45-BD9E-A1FDB1C1F8DA}.Debug|Any CPU.ActiveCfg = Debug|Any CPU
		{61C7EA51-631E-4A45-BD9E-A1FDB1C1F8DA}.Debug|Any CPU.Build.0 = Debug|Any CPU
		{61C7EA51-631E-4A45-BD9E-A1FDB1C1F8DA}.Release|Any CPU.ActiveCfg = Release|Any CPU
		{61C7EA51-631E-4A45-BD9E-A1FDB1C1F8DA}.Release|Any CPU.Build.0 = Release|Any CPU
		{FCCE2375-79BC-4E90-9307-CD342D51F9F5}.Debug|Any CPU.ActiveCfg = Debug|Any CPU
		{FCCE2375-79BC-4E90-9307-CD342D51F9F5}.Debug|Any CPU.Build.0 = Debug|Any CPU
		{FCCE2375-79BC-4E90-9307-CD342D51F9F5}.Release|Any CPU.ActiveCfg = Release|Any CPU
		{FCCE2375-79BC-4E90-9307-CD342D51F9F5}.Release|Any CPU.Build.0 = Release|Any CPU
		{CDBB312E-CD67-42D4-B020-B42E3A8E8257}.Debug|Any CPU.ActiveCfg = Debug|Any CPU
		{CDBB312E-CD67-42D4-B020-B42E3A8E8257}.Debug|Any CPU.Build.0 = Debug|Any CPU
		{CDBB312E-CD67-42D4-B020-B42E3A8E8257}.Release|Any CPU.ActiveCfg = Release|Any CPU
		{CDBB312E-CD67-42D4-B020-B42E3A8E8257}.Release|Any CPU.Build.0 = Release|Any CPU
		{455AFFAD-AF0D-4FD6-BC88-B69E4266CD32}.Debug|Any CPU.ActiveCfg = Debug|Any CPU
		{455AFFAD-AF0D-4FD6-BC88-B69E4266CD32}.Debug|Any CPU.Build.0 = Debug|Any CPU
		{455AFFAD-AF0D-4FD6-BC88-B69E4266CD32}.Release|Any CPU.ActiveCfg = Release|Any CPU
		{455AFFAD-AF0D-4FD6-BC88-B69E4266CD32}.Release|Any CPU.Build.0 = Release|Any CPU
		{85153679-5584-4C59-BB20-25EE5C530128}.Debug|Any CPU.ActiveCfg = Debug|Any CPU
		{85153679-5584-4C59-BB20-25EE5C530128}.Debug|Any CPU.Build.0 = Debug|Any CPU
		{85153679-5584-4C59-BB20-25EE5C530128}.Release|Any CPU.ActiveCfg = Release|Any CPU
		{85153679-5584-4C59-BB20-25EE5C530128}.Release|Any CPU.Build.0 = Release|Any CPU
		{AD1B1B88-40DF-47D3-A5D4-D43DFB87A80B}.Debug|Any CPU.ActiveCfg = Debug|Any CPU
		{AD1B1B88-40DF-47D3-A5D4-D43DFB87A80B}.Debug|Any CPU.Build.0 = Debug|Any CPU
		{AD1B1B88-40DF-47D3-A5D4-D43DFB87A80B}.Release|Any CPU.ActiveCfg = Release|Any CPU
		{AD1B1B88-40DF-47D3-A5D4-D43DFB87A80B}.Release|Any CPU.Build.0 = Release|Any CPU
		{ED2B3FBE-4A0F-4F23-A1BA-4997A684C533}.Debug|Any CPU.ActiveCfg = Debug|Any CPU
		{ED2B3FBE-4A0F-4F23-A1BA-4997A684C533}.Debug|Any CPU.Build.0 = Debug|Any CPU
		{ED2B3FBE-4A0F-4F23-A1BA-4997A684C533}.Release|Any CPU.ActiveCfg = Release|Any CPU
		{ED2B3FBE-4A0F-4F23-A1BA-4997A684C533}.Release|Any CPU.Build.0 = Release|Any CPU
		{DA4DDD61-4134-4C12-A4BB-0A3A4B2C2FF5}.Debug|Any CPU.ActiveCfg = Debug|Any CPU
		{DA4DDD61-4134-4C12-A4BB-0A3A4B2C2FF5}.Debug|Any CPU.Build.0 = Debug|Any CPU
		{DA4DDD61-4134-4C12-A4BB-0A3A4B2C2FF5}.Release|Any CPU.ActiveCfg = Release|Any CPU
		{DA4DDD61-4134-4C12-A4BB-0A3A4B2C2FF5}.Release|Any CPU.Build.0 = Release|Any CPU
		{9C668CBA-DDAC-4741-8C4D-B7F1F6A1970A}.Debug|Any CPU.ActiveCfg = Debug|Any CPU
		{9C668CBA-DDAC-4741-8C4D-B7F1F6A1970A}.Debug|Any CPU.Build.0 = Debug|Any CPU
		{9C668CBA-DDAC-4741-8C4D-B7F1F6A1970A}.Release|Any CPU.ActiveCfg = Release|Any CPU
		{9C668CBA-DDAC-4741-8C4D-B7F1F6A1970A}.Release|Any CPU.Build.0 = Release|Any CPU
		{4CFF28D4-96A2-46F0-8C8C-0537EAEA296F}.Debug|Any CPU.ActiveCfg = Debug|Any CPU
		{4CFF28D4-96A2-46F0-8C8C-0537EAEA296F}.Debug|Any CPU.Build.0 = Debug|Any CPU
		{4CFF28D4-96A2-46F0-8C8C-0537EAEA296F}.Release|Any CPU.ActiveCfg = Release|Any CPU
		{4CFF28D4-96A2-46F0-8C8C-0537EAEA296F}.Release|Any CPU.Build.0 = Release|Any CPU
		{B5946FE4-8416-43FF-B625-4F38FA8B0F86}.Debug|Any CPU.ActiveCfg = Debug|Any CPU
		{B5946FE4-8416-43FF-B625-4F38FA8B0F86}.Debug|Any CPU.Build.0 = Debug|Any CPU
		{B5946FE4-8416-43FF-B625-4F38FA8B0F86}.Release|Any CPU.ActiveCfg = Release|Any CPU
		{B5946FE4-8416-43FF-B625-4F38FA8B0F86}.Release|Any CPU.Build.0 = Release|Any CPU
		{43277D3E-59C9-4B9A-8347-8819C717C4D1}.Debug|Any CPU.ActiveCfg = Debug|Any CPU
		{43277D3E-59C9-4B9A-8347-8819C717C4D1}.Debug|Any CPU.Build.0 = Debug|Any CPU
		{43277D3E-59C9-4B9A-8347-8819C717C4D1}.Release|Any CPU.ActiveCfg = Release|Any CPU
		{43277D3E-59C9-4B9A-8347-8819C717C4D1}.Release|Any CPU.Build.0 = Release|Any CPU
		{C74A0138-ED81-48F1-926B-3B7DE410C037}.Debug|Any CPU.ActiveCfg = Debug|Any CPU
		{C74A0138-ED81-48F1-926B-3B7DE410C037}.Debug|Any CPU.Build.0 = Debug|Any CPU
		{C74A0138-ED81-48F1-926B-3B7DE410C037}.Release|Any CPU.ActiveCfg = Release|Any CPU
		{C74A0138-ED81-48F1-926B-3B7DE410C037}.Release|Any CPU.Build.0 = Release|Any CPU
		{EE9DA6B6-A8BD-4031-816B-A64A41F2654C}.Debug|Any CPU.ActiveCfg = Debug|Any CPU
		{EE9DA6B6-A8BD-4031-816B-A64A41F2654C}.Debug|Any CPU.Build.0 = Debug|Any CPU
		{EE9DA6B6-A8BD-4031-816B-A64A41F2654C}.Release|Any CPU.ActiveCfg = Release|Any CPU
		{EE9DA6B6-A8BD-4031-816B-A64A41F2654C}.Release|Any CPU.Build.0 = Release|Any CPU
	EndGlobalSection
	GlobalSection(SolutionProperties) = preSolution
		HideSolutionNode = FALSE
	EndGlobalSection
	GlobalSection(ExtensibilityGlobals) = postSolution
		SolutionGuid = {C7F5F388-52CB-43B8-A983-651CBBD811C7}
	EndGlobalSection
EndGlobal
